NUGET
  remote: https://nuget.org/api/v2
  specs:
    FAKE (4.0.2)
    FSharp.Compiler.Service (1.4.0.1)
    FSharp.Formatting (2.10.0)
      FSharp.Compiler.Service (>= 0.0.87)
      FSharpVSPowerTools.Core (1.8.0)
    FSharpVSPowerTools.Core (1.8.0)
      FSharp.Compiler.Service (>= 0.0.87)
    Microsoft.Bcl (1.1.10)
      Microsoft.Bcl.Build (>= 1.0.14)
    Microsoft.Bcl.Build (1.0.21)
    Microsoft.Net.Http (2.2.29)
      Microsoft.Bcl (>= 1.1.10)
      Microsoft.Bcl.Build (>= 1.0.14)
    Nancy (1.2.0)
    Nancy.Authentication.Forms (1.2.0)
      Nancy (>= 1.2.0)
    Nancy.Hosting.Self (1.2.0)
      Nancy (>= 1.2.0)
    NUnit (2.6.4)
    NUnit.Runners (2.6.4)
    Octokit (0.14.0)
      Microsoft.Net.Http
    SourceLink.Fake (1.0.0)
GITHUB
  remote: fsharp/FAKE
  specs:
    modules/Octokit/Octokit.fsx (e8858cab22da81fa89bbb2e73743b60e37d3d3a8)
      Octokit